PODS:
  - Capacitor (3.2.4):
    - CapacitorCordova
  - CapacitorCordova (3.2.4)
  - JitsiMeetSDK (3.6.0)

DEPENDENCIES:
  - Capacitor
  - JitsiMeetSDK (= 3.6.0)

SPEC REPOS:
  trunk:
    - Capacitor
    - CapacitorCordova
    - JitsiMeetSDK

SPEC CHECKSUMS:
  Capacitor: 300df90a0f1b4da09e7937dadc8ce4ef11b14412
  CapacitorCordova: 0311a1eecf9befe729ef3e9914bb072c12a35511
  JitsiMeetSDK: 476329f72a866f714d2802bafe1729de6d644ccf

PODFILE CHECKSUM: 177df0daf2c588ea4e2c80a8a2d2f5403e8da183

COCOAPODS: 1.10.1
