PODS:
  - Capacitor (6.1.2):
    - CapacitorCordova
  - CapacitorCordova (6.1.2)
  - Giphy (2.2.12):
    - libwebp
  - JitsiMeetSDK (10.3.0):
    - Giphy (= 2.2.12)
    - JitsiWebRTC (~> 124.0)
  - JitsiWebRTC (124.0.1)
  - libwebp (1.3.2):
    - libwebp/demux (= 1.3.2)
    - libwebp/mux (= 1.3.2)
    - libwebp/sharpyuv (= 1.3.2)
    - libwebp/webp (= 1.3.2)
  - libwebp/demux (1.3.2):
    - libwebp/webp
  - libwebp/mux (1.3.2):
    - libwebp/demux
  - libwebp/sharpyuv (1.3.2)
  - libwebp/webp (1.3.2):
    - libwebp/sharpyuv

DEPENDENCIES:
  - Capacitor
  - JitsiMeetSDK (= 10.3.0)

SPEC REPOS:
  trunk:
    - Capacitor
    - CapacitorCordova
    - Giphy
    - JitsiMeetSDK
    - JitsiWebRTC
    - libwebp

SPEC CHECKSUMS:
  Capacitor: 8f4752e4449cc3472e0ee8d5d807744172b8b632
  CapacitorCordova: 2bff79fff47a4104445ba50130d603c7a92e7a8e
  Giphy: 83628960ed04e1c3428ff1b4fb2b027f65e82f50
  JitsiMeetSDK: 439fc3e45870c5ebf7b371fa038719bf70ef76d9
  JitsiWebRTC: d0ae5fd6a81e771bfd82c2ee6c6bb542ebd65ee8
  libwebp: 1786c9f4ff8a279e4dac1e8f385004d5fc253009

PODFILE CHECKSUM: 1403deed70b60cc64773c169a8f55f4d8d9ffcb7

COCOAPODS: 1.16.2
