PODS:
  - Capacitor (0.0.113):
    - CapacitorCordova (= 0.0.113)
    - GCDWebServer (~> 3.0)
  - CapacitorCordova (0.0.113)
  - GCDWebServer (3.5.2):
    - GCDWebServer/Core (= 3.5.2)
  - GCDWebServer/Core (3.5.2)
  - JitsiMeetSDK (1.21.1)

DEPENDENCIES:
  - Capacitor
  - JitsiMeetSDK

SPEC CHECKSUMS:
  Capacitor: b37060b0b2685257bedbc69e49a54a74ef30fb9a
  CapacitorCordova: a923a32bc7ad5f1f3d69664ca86ff69580343ed3
  GCDWebServer: ead88cd14596dd4eae4f5830b8877c87c8728990
  JitsiMeetSDK: d989991bc2dced7f3117a4a44e605d92f1346f07

PODFILE CHECKSUM: 6bd6edea43e6f06365b9d37ba199b351d53301ff

COCOAPODS: 1.4.0
